
Microsoft Visual Studio Solution File, Format Version 12.00
# Visual Studio Version 17
VisualStudioVersion = 17.9.34728.123
MinimumVisualStudioVersion = 10.0.40219.1
Project("{FAE04EC0-301F-11D3-BF4B-00C04F79EFBC}") = "EF - ReservaTransporte", "EF - ReservaTransporte\EF - ReservaTransporte.csproj", "{E7D41D97-7138-47B4-8CC2-CF6AC1BFA65B}"
EndProject
Global
	GlobalSection(SolutionConfigurationPlatforms) = preSolution
		Debug|Any CPU = Debug|Any CPU
		Release|Any CPU = Release|Any CPU
	EndGlobalSection
	GlobalSection(ProjectConfigurationPlatforms) = postSolution
		{E7D41D97-7138-47B4-8CC2-CF6AC1BFA65B}.Debug|Any CPU.ActiveCfg = Debug|Any CPU
		{E7D41D97-7138-47B4-8CC2-CF6AC1BFA65B}.Debug|Any CPU.Build.0 = Debug|Any CPU
		{E7D41D97-7138-47B4-8CC2-CF6AC1BFA65B}.Release|Any CPU.ActiveCfg = Release|Any CPU
		{E7D41D97-7138-47B4-8CC2-CF6AC1BFA65B}.Release|Any CPU.Build.0 = Release|Any CPU
	EndGlobalSection
	GlobalSection(SolutionProperties) = preSolution
		HideSolutionNode = FALSE
	EndGlobalSection
	GlobalSection(ExtensibilityGlobals) = postSolution
		SolutionGuid = {C03F420B-B904-46DB-88F6-4369B3BFACF0}
	EndGlobalSection
EndGlobal
